// !$*UTF8*$!
{
	archiveVersion = 1;
	classes = {
	};
	objectVersion = 56;
	objects = {

/* Begin PBXBuildFile section */
		3BE86ED42C63878C002CFE82 /* NavSenseApp.swift in Sources */ = {isa = PBXBuildFile; fileRef = 3BE86ED32C63878C002CFE82 /* NavSenseApp.swift */; };
		3BE86ED62C63878C002CFE82 /* ContentView.swift in Sources */ = {isa = PBXBuildFile; fileRef = 3BE86ED52C63878C002CFE82 /* ContentView.swift */; };
		3BE86ED82C63878F002CFE82 /* Assets.xcassets in Resources */ = {isa = PBXBuildFile; fileRef = 3BE86ED72C63878F002CFE82 /* Assets.xcassets */; };
		3BE86EDB2C63878F002CFE82 /* Preview Assets.xcassets in Resources */ = {isa = PBXBuildFile; fileRef = 3BE86EDA2C63878F002CFE82 /* Preview Assets.xcassets */; };
		3BE86EE52C63878F002CFE82 /* NavSenseTests.swift in Sources */ = {isa = PBXBuildFile; fileRef = 3BE86EE42C63878F002CFE82 /* NavSenseTests.swift */; };
		3BE86EEF2C63878F002CFE82 /* NavSenseUITests.swift in Sources */ = {isa = PBXBuildFile; fileRef = 3BE86EEE2C63878F002CFE82 /* NavSenseUITests.swift */; };
		3BE86EF12C63878F002CFE82 /* NavSenseUITestsLaunchTests.swift in Sources */ = {isa = PBXBuildFile; fileRef = 3BE86EF02C63878F002CFE82 /* NavSenseUITestsLaunchTests.swift */; };
		3BE86F022C638A7A002CFE82 /* CustomARView.swift in Sources */ = {isa = PBXBuildFile; fileRef = 3BE86F012C638A7A002CFE82 /* CustomARView.swift */; };
		3BE86F042C638C4D002CFE82 /* CustomARViewRepresentable.swift in Sources */ = {isa = PBXBuildFile; fileRef = 3BE86F032C638C4D002CFE82 /* CustomARViewRepresentable.swift */; };
/* End PBXBuildFile section */

/* Begin PBXContainerItemProxy section */
		3BE86EE12C63878F002CFE82 /* PBXContainerItemProxy */ = {
			isa = PBXContainerItemProxy;
			containerPortal = 3BE86EC82C63878C002CFE82 /* Project object */;
			proxyType = 1;
			remoteGlobalIDString = 3BE86ECF2C63878C002CFE82;
			remoteInfo = NavSense;
		};
		3BE86EEB2C63878F002CFE82 /* PBXContainerItemProxy */ = {
			isa = PBXContainerItemProxy;
			containerPortal = 3BE86EC82C63878C002CFE82 /* Project object */;
			proxyType = 1;
			remoteGlobalIDString = 3BE86ECF2C63878C002CFE82;
			remoteInfo = NavSense;
		};
/* End PBXContainerItemProxy section */

/* Begin PBXFileReference section */
		3BE86ED02C63878C002CFE82 /* NavSense.app */ = {isa = PBXFileReference; explicitFileType = wrapper.application; includeInIndex = 0; path = NavSense.app; sourceTree = BUILT_PRODUCTS_DIR; };
		3BE86ED32C63878C002CFE82 /* NavSenseApp.swift */ = {isa = PBXFileReference; lastKnownFileType = sourcecode.swift; path = NavSenseApp.swift; sourceTree = "<group>"; };
		3BE86ED52C63878C002CFE82 /* ContentView.swift */ = {isa = PBXFileReference; lastKnownFileType = sourcecode.swift; path = ContentView.swift; sourceTree = "<group>"; };
		3BE86ED72C63878F002CFE82 /* Assets.xcassets */ = {isa = PBXFileReference; lastKnownFileType = folder.assetcatalog; path = Assets.xcassets; sourceTree = "<group>"; };
		3BE86EDA2C63878F002CFE82 /* Preview Assets.xcassets */ = {isa = PBXFileReference; lastKnownFileType = folder.assetcatalog; path = "Preview Assets.xcassets"; sourceTree = "<group>"; };
		3BE86EE02C63878F002CFE82 /* NavSenseTests.xctest */ = {isa = PBXFileReference; explicitFileType = wrapper.cfbundle; includeInIndex = 0; path = NavSenseTests.xctest; sourceTree = BUILT_PRODUCTS_DIR; };
		3BE86EE42C63878F002CFE82 /* NavSenseTests.swift */ = {isa = PBXFileReference; lastKnownFileType = sourcecode.swift; path = NavSenseTests.swift; sourceTree = "<group>"; };
		3BE86EEA2C63878F002CFE82 /* NavSenseUITests.xctest */ = {isa = PBXFileReference; explicitFileType = wrapper.cfbundle; includeInIndex = 0; path = NavSenseUITests.xctest; sourceTree = BUILT_PRODUCTS_DIR; };
		3BE86EEE2C63878F002CFE82 /* NavSenseUITests.swift */ = {isa = PBXFileReference; lastKnownFileType = sourcecode.swift; path = NavSenseUITests.swift; sourceTree = "<group>"; };
		3BE86EF02C63878F002CFE82 /* NavSenseUITestsLaunchTests.swift */ = {isa = PBXFileReference; lastKnownFileType = sourcecode.swift; path = NavSenseUITestsLaunchTests.swift; sourceTree = "<group>"; };
		3BE86F012C638A7A002CFE82 /* CustomARView.swift */ = {isa = PBXFileReference; lastKnownFileType = sourcecode.swift; path = CustomARView.swift; sourceTree = "<group>"; };
		3BE86F032C638C4D002CFE82 /* CustomARViewRepresentable.swift */ = {isa = PBXFileReference; lastKnownFileType = sourcecode.swift; path = CustomARViewRepresentable.swift; sourceTree = "<group>"; };
/* End PBXFileReference section */

/* Begin PBXFrameworksBuildPhase section */
		3BE86ECD2C63878C002CFE82 /* Frameworks */ = {
			isa = PBXFrameworksBuildPhase;
			buildActionMask = 2147483647;
			files = (
			);
			runOnlyForDeploymentPostprocessing = 0;
		};
		3BE86EDD2C63878F002CFE82 /* Frameworks */ = {
			isa = PBXFrameworksBuildPhase;
			buildActionMask = 2147483647;
			files = (
			);
			runOnlyForDeploymentPostprocessing = 0;
		};
		3BE86EE72C63878F002CFE82 /* Frameworks */ = {
			isa = PBXFrameworksBuildPhase;
			buildActionMask = 2147483647;
			files = (
			);
			runOnlyForDeploymentPostprocessing = 0;
		};
/* End PBXFrameworksBuildPhase section */

/* Begin PBXGroup section */
		3BE86EC72C63878C002CFE82 = {
			isa = PBXGroup;
			children = (
				3BE86ED22C63878C002CFE82 /* NavSense */,
				3BE86EE32C63878F002CFE82 /* NavSenseTests */,
				3BE86EED2C63878F002CFE82 /* NavSenseUITests */,
				3BE86ED12C63878C002CFE82 /* Products */,
			);
			sourceTree = "<group>";
		};
		3BE86ED12C63878C002CFE82 /* Products */ = {
			isa = PBXGroup;
			children = (
				3BE86ED02C63878C002CFE82 /* NavSense.app */,
				3BE86EE02C63878F002CFE82 /* NavSenseTests.xctest */,
				3BE86EEA2C63878F002CFE82 /* NavSenseUITests.xctest */,
			);
			name = Products;
			sourceTree = "<group>";
		};
		3BE86ED22C63878C002CFE82 /* NavSense */ = {
			isa = PBXGroup;
			children = (
				3BE86F002C638A6C002CFE82 /* Feature Targets */,
				3BE86ED32C63878C002CFE82 /* NavSenseApp.swift */,
				3BE86ED72C63878F002CFE82 /* Assets.xcassets */,
				3BE86ED92C63878F002CFE82 /* Preview Content */,
			);
			path = NavSense;
			sourceTree = "<group>";
		};
		3BE86ED92C63878F002CFE82 /* Preview Content */ = {
			isa = PBXGroup;
			children = (
				3BE86EDA2C63878F002CFE82 /* Preview Assets.xcassets */,
			);
			path = "Preview Content";
			sourceTree = "<group>";
		};
		3BE86EE32C63878F002CFE82 /* NavSenseTests */ = {
			isa = PBXGroup;
			children = (
				3BE86EE42C63878F002CFE82 /* NavSenseTests.swift */,
			);
			path = NavSenseTests;
			sourceTree = "<group>";
		};
		3BE86EED2C63878F002CFE82 /* NavSenseUITests */ = {
			isa = PBXGroup;
			children = (
				3BE86EEE2C63878F002CFE82 /* NavSenseUITests.swift */,
				3BE86EF02C63878F002CFE82 /* NavSenseUITestsLaunchTests.swift */,
			);
			path = NavSenseUITests;
			sourceTree = "<group>";
		};
		3BE86F002C638A6C002CFE82 /* Feature Targets */ = {
			isa = PBXGroup;
			children = (
				3BE86F012C638A7A002CFE82 /* CustomARView.swift */,
				3BE86ED52C63878C002CFE82 /* ContentView.swift */,
				3BE86F032C638C4D002CFE82 /* CustomARViewRepresentable.swift */,
			);
			path = "Feature Targets";
			sourceTree = "<group>";
		};
/* End PBXGroup section */

/* Begin PBXNativeTarget section */
		3BE86ECF2C63878C002CFE82 /* NavSense */ = {
			isa = PBXNativeTarget;
			buildConfigurationList = 3BE86EF42C63878F002CFE82 /* Build configuration list for PBXNativeTarget "NavSense" */;
			buildPhases = (
				3BE86ECC2C63878C002CFE82 /* Sources */,
				3BE86ECD2C63878C002CFE82 /* Frameworks */,
				3BE86ECE2C63878C002CFE82 /* Resources */,
			);
			buildRules = (
			);
			dependencies = (
			);
			name = NavSense;
			productName = NavSense;
			productReference = 3BE86ED02C63878C002CFE82 /* NavSense.app */;
			productType = "com.apple.product-type.application";
		};
		3BE86EDF2C63878F002CFE82 /* NavSenseTests */ = {
			isa = PBXNativeTarget;
			buildConfigurationList = 3BE86EF72C63878F002CFE82 /* Build configuration list for PBXNativeTarget "NavSenseTests" */;
			buildPhases = (
				3BE86EDC2C63878F002CFE82 /* Sources */,
				3BE86EDD2C63878F002CFE82 /* Frameworks */,
				3BE86EDE2C63878F002CFE82 /* Resources */,
			);
			buildRules = (
			);
			dependencies = (
				3BE86EE22C63878F002CFE82 /* PBXTargetDependency */,
			);
			name = NavSenseTests;
			productName = NavSenseTests;
			productReference = 3BE86EE02C63878F002CFE82 /* NavSenseTests.xctest */;
			productType = "com.apple.product-type.bundle.unit-test";
		};
		3BE86EE92C63878F002CFE82 /* NavSenseUITests */ = {
			isa = PBXNativeTarget;
			buildConfigurationList = 3BE86EFA2C63878F002CFE82 /* Build configuration list for PBXNativeTarget "NavSenseUITests" */;
			buildPhases = (
				3BE86EE62C63878F002CFE82 /* Sources */,
				3BE86EE72C63878F002CFE82 /* Frameworks */,
				3BE86EE82C63878F002CFE82 /* Resources */,
			);
			buildRules = (
			);
			dependencies = (
				3BE86EEC2C63878F002CFE82 /* PBXTargetDependency */,
			);
			name = NavSenseUITests;
			productName = NavSenseUITests;
			productReference = 3BE86EEA2C63878F002CFE82 /* NavSenseUITests.xctest */;
			productType = "com.apple.product-type.bundle.ui-testing";
		};
/* End PBXNativeTarget section */

/* Begin PBXProject section */
		3BE86EC82C63878C002CFE82 /* Project object */ = {
			isa = PBXProject;
			attributes = {
				BuildIndependentTargetsInParallel = 1;
				LastSwiftUpdateCheck = 1540;
				LastUpgradeCheck = 1540;
				TargetAttributes = {
					3BE86ECF2C63878C002CFE82 = {
						CreatedOnToolsVersion = 15.4;
					};
					3BE86EDF2C63878F002CFE82 = {
						CreatedOnToolsVersion = 15.4;
						TestTargetID = 3BE86ECF2C63878C002CFE82;
					};
					3BE86EE92C63878F002CFE82 = {
						CreatedOnToolsVersion = 15.4;
						TestTargetID = 3BE86ECF2C63878C002CFE82;
					};
				};
			};
			buildConfigurationList = 3BE86ECB2C63878C002CFE82 /* Build configuration list for PBXProject "NavSense" */;
			compatibilityVersion = "Xcode 14.0";
			developmentRegion = en;
			hasScannedForEncodings = 0;
			knownRegions = (
				en,
				Base,
			);
			mainGroup = 3BE86EC72C63878C002CFE82;
			productRefGroup = 3BE86ED12C63878C002CFE82 /* Products */;
			projectDirPath = "";
			projectRoot = "";
			targets = (
				3BE86ECF2C63878C002CFE82 /* NavSense */,
				3BE86EDF2C63878F002CFE82 /* NavSenseTests */,
				3BE86EE92C63878F002CFE82 /* NavSenseUITests */,
			);
		};
/* End PBXProject section */

/* Begin PBXResourcesBuildPhase section */
		3BE86ECE2C63878C002CFE82 /* Resources */ = {
			isa = PBXResourcesBuildPhase;
			buildActionMask = 2147483647;
			files = (
				3BE86EDB2C63878F002CFE82 /* Preview Assets.xcassets in Resources */,
				3BE86ED82C63878F002CFE82 /* Assets.xcassets in Resources */,
			);
			runOnlyForDeploymentPostprocessing = 0;
		};
		3BE86EDE2C63878F002CFE82 /* Resources */ = {
			isa = PBXResourcesBuildPhase;
			buildActionMask = 2147483647;
			files = (
			);
			runOnlyForDeploymentPostprocessing = 0;
		};
		3BE86EE82C63878F002CFE82 /* Resources */ = {
			isa = PBXResourcesBuildPhase;
			buildActionMask = 2147483647;
			files = (
			);
			runOnlyForDeploymentPostprocessing = 0;
		};
/* End PBXResourcesBuildPhase section */

/* Begin PBXSourcesBuildPhase section */
		3BE86ECC2C63878C002CFE82 /* Sources */ = {
			isa = PBXSourcesBuildPhase;
			buildActionMask = 2147483647;
			files = (
				3BE86ED62C63878C002CFE82 /* ContentView.swift in Sources */,
				3BE86F022C638A7A002CFE82 /* CustomARView.swift in Sources */,
				3BE86ED42C63878C002CFE82 /* NavSenseApp.swift in Sources */,
				3BE86F042C638C4D002CFE82 /* CustomARViewRepresentable.swift in Sources */,
			);
			runOnlyForDeploymentPostprocessing = 0;
		};
		3BE86EDC2C63878F002CFE82 /* Sources */ = {
			isa = PBXSourcesBuildPhase;
			buildActionMask = 2147483647;
			files = (
				3BE86EE52C63878F002CFE82 /* NavSenseTests.swift in Sources */,
			);
			runOnlyForDeploymentPostprocessing = 0;
		};
		3BE86EE62C63878F002CFE82 /* Sources */ = {
			isa = PBXSourcesBuildPhase;
			buildActionMask = 2147483647;
			files = (
				3BE86EF12C63878F002CFE82 /* NavSenseUITestsLaunchTests.swift in Sources */,
				3BE86EEF2C63878F002CFE82 /* NavSenseUITests.swift in Sources */,
			);
			runOnlyForDeploymentPostprocessing = 0;
		};
/* End PBXSourcesBuildPhase section */

/* Begin PBXTargetDependency section */
		3BE86EE22C63878F002CFE82 /* PBXTargetDependency */ = {
			isa = PBXTargetDependency;
			target = 3BE86ECF2C63878C002CFE82 /* NavSense */;
			targetProxy = 3BE86EE12C63878F002CFE82 /* PBXContainerItemProxy */;
		};
		3BE86EEC2C63878F002CFE82 /* PBXTargetDependency */ = {
			isa = PBXTargetDependency;
			target = 3BE86ECF2C63878C002CFE82 /* NavSense */;
			targetProxy = 3BE86EEB2C63878F002CFE82 /* PBXContainerItemProxy */;
		};
/* End PBXTargetDependency section */

/* Begin XCBuildConfiguration section */
		3BE86EF22C63878F002CFE82 /* Debug */ = {
			isa = XCBuildConfiguration;
			buildSettings = {
				ALWAYS_SEARCH_USER_PATHS = NO;
				ASSETCATALOG_COMPILER_GENERATE_SWIFT_ASSET_SYMBOL_EXTENSIONS = YES;
				CLANG_ANALYZER_NONNULL = YES;
				CLANG_ANALYZER_NUMBER_OBJECT_CONVERSION = YES_AGGRESSIVE;
				CLANG_CXX_LANGUAGE_STANDARD = "gnu++20";
				CLANG_ENABLE_MODULES = YES;
				CLANG_ENABLE_OBJC_ARC = YES;
				CLANG_ENABLE_OBJC_WEAK = YES;
				CLANG_WARN_BLOCK_CAPTURE_AUTORELEASING = YES;
				CLANG_WARN_BOOL_CONVERSION = YES;
				CLANG_WARN_COMMA = YES;
				CLANG_WARN_CONSTANT_CONVERSION = YES;
				CLANG_WARN_DEPRECATED_OBJC_IMPLEMENTATIONS = YES;
				CLANG_WARN_DIRECT_OBJC_ISA_USAGE = YES_ERROR;
				CLANG_WARN_DOCUMENTATION_COMMENTS = YES;
				CLANG_WARN_EMPTY_BODY = YES;
				CLANG_WARN_ENUM_CONVERSION = YES;
				CLANG_WARN_INFINITE_RECURSION = YES;
				CLANG_WARN_INT_CONVERSION = YES;
				CLANG_WARN_NON_LITERAL_NULL_CONVERSION = YES;
				CLANG_WARN_OBJC_IMPLICIT_RETAIN_SELF = YES;
				CLANG_WARN_OBJC_LITERAL_CONVERSION = YES;
				CLANG_WARN_OBJC_ROOT_CLASS = YES_ERROR;
				CLANG_WARN_QUOTED_INCLUDE_IN_FRAMEWORK_HEADER = YES;
				CLANG_WARN_RANGE_LOOP_ANALYSIS = YES;
				CLANG_WARN_STRICT_PROTOTYPES = YES;
				CLANG_WARN_SUSPICIOUS_MOVE = YES;
				CLANG_WARN_UNGUARDED_AVAILABILITY = YES_AGGRESSIVE;
				CLANG_WARN_UNREACHABLE_CODE = YES;
				CLANG_WARN__DUPLICATE_METHOD_MATCH = YES;
				COPY_PHASE_STRIP = NO;
				DEBUG_INFORMATION_FORMAT = dwarf;
				ENABLE_STRICT_OBJC_MSGSEND = YES;
				ENABLE_TESTABILITY = YES;
				ENABLE_USER_SCRIPT_SANDBOXING = YES;
				GCC_C_LANGUAGE_STANDARD = gnu17;
				GCC_DYNAMIC_NO_PIC = NO;
				GCC_NO_COMMON_BLOCKS = YES;
				GCC_OPTIMIZATION_LEVEL = 0;
				GCC_PREPROCESSOR_DEFINITIONS = (
					"DEBUG=1",
					"$(inherited)",
				);
				GCC_WARN_64_TO_32_BIT_CONVERSION = YES;
				GCC_WARN_ABOUT_RETURN_TYPE = YES_ERROR;
				GCC_WARN_UNDECLARED_SELECTOR = YES;
				GCC_WARN_UNINITIALIZED_AUTOS = YES_AGGRESSIVE;
				GCC_WARN_UNUSED_FUNCTION = YES;
				GCC_WARN_UNUSED_VARIABLE = YES;
				IPHONEOS_DEPLOYMENT_TARGET = 17.5;
				LOCALIZATION_PREFERS_STRING_CATALOGS = YES;
				MTL_ENABLE_DEBUG_INFO = INCLUDE_SOURCE;
				MTL_FAST_MATH = YES;
				ONLY_ACTIVE_ARCH = YES;
				SDKROOT = iphoneos;
				SWIFT_ACTIVE_COMPILATION_CONDITIONS = "DEBUG $(inherited)";
				SWIFT_OPTIMIZATION_LEVEL = "-Onone";
			};
			name = Debug;
		};
		3BE86EF32C63878F002CFE82 /* Release */ = {
			isa = XCBuildConfiguration;
			buildSettings = {
				ALWAYS_SEARCH_USER_PATHS = NO;
				ASSETCATALOG_COMPILER_GENERATE_SWIFT_ASSET_SYMBOL_EXTENSIONS = YES;
				CLANG_ANALYZER_NONNULL = YES;
				CLANG_ANALYZER_NUMBER_OBJECT_CONVERSION = YES_AGGRESSIVE;
				CLANG_CXX_LANGUAGE_STANDARD = "gnu++20";
				CLANG_ENABLE_MODULES = YES;
				CLANG_ENABLE_OBJC_ARC = YES;
				CLANG_ENABLE_OBJC_WEAK = YES;
				CLANG_WARN_BLOCK_CAPTURE_AUTORELEASING = YES;
				CLANG_WARN_BOOL_CONVERSION = YES;
				CLANG_WARN_COMMA = YES;
				CLANG_WARN_CONSTANT_CONVERSION = YES;
				CLANG_WARN_DEPRECATED_OBJC_IMPLEMENTATIONS = YES;
				CLANG_WARN_DIRECT_OBJC_ISA_USAGE = YES_ERROR;
				CLANG_WARN_DOCUMENTATION_COMMENTS = YES;
				CLANG_WARN_EMPTY_BODY = YES;
				CLANG_WARN_ENUM_CONVERSION = YES;
				CLANG_WARN_INFINITE_RECURSION = YES;
				CLANG_WARN_INT_CONVERSION = YES;
				CLANG_WARN_NON_LITERAL_NULL_CONVERSION = YES;
				CLANG_WARN_OBJC_IMPLICIT_RETAIN_SELF = YES;
				CLANG_WARN_OBJC_LITERAL_CONVERSION = YES;
				CLANG_WARN_OBJC_ROOT_CLASS = YES_ERROR;
				CLANG_WARN_QUOTED_INCLUDE_IN_FRAMEWORK_HEADER = YES;
				CLANG_WARN_RANGE_LOOP_ANALYSIS = YES;
				CLANG_WARN_STRICT_PROTOTYPES = YES;
				CLANG_WARN_SUSPICIOUS_MOVE = YES;
				CLANG_WARN_UNGUARDED_AVAILABILITY = YES_AGGRESSIVE;
				CLANG_WARN_UNREACHABLE_CODE = YES;
				CLANG_WARN__DUPLICATE_METHOD_MATCH = YES;
				COPY_PHASE_STRIP = NO;
				DEBUG_INFORMATION_FORMAT = "dwarf-with-dsym";
				ENABLE_NS_ASSERTIONS = NO;
				ENABLE_STRICT_OBJC_MSGSEND = YES;
				ENABLE_USER_SCRIPT_SANDBOXING = YES;
				GCC_C_LANGUAGE_STANDARD = gnu17;
				GCC_NO_COMMON_BLOCKS = YES;
				GCC_WARN_64_TO_32_BIT_CONVERSION = YES;
				GCC_WARN_ABOUT_RETURN_TYPE = YES_ERROR;
				GCC_WARN_UNDECLARED_SELECTOR = YES;
				GCC_WARN_UNINITIALIZED_AUTOS = YES_AGGRESSIVE;
				GCC_WARN_UNUSED_FUNCTION = YES;
				GCC_WARN_UNUSED_VARIABLE = YES;
				IPHONEOS_DEPLOYMENT_TARGET = 17.5;
				LOCALIZATION_PREFERS_STRING_CATALOGS = YES;
				MTL_ENABLE_DEBUG_INFO = NO;
				MTL_FAST_MATH = YES;
				SDKROOT = iphoneos;
				SWIFT_COMPILATION_MODE = wholemodule;
				VALIDATE_PRODUCT = YES;
			};
			name = Release;
		};
		3BE86EF52C63878F002CFE82 /* Debug */ = {
			isa = XCBuildConfiguration;
			buildSettings = {
				ASSETCATALOG_COMPILER_APPICON_NAME = AppIcon;
				ASSETCATALOG_COMPILER_GLOBAL_ACCENT_COLOR_NAME = AccentColor;
				CODE_SIGN_STYLE = Automatic;
				CURRENT_PROJECT_VERSION = 1;
				DEVELOPMENT_ASSET_PATHS = "\"NavSense/Preview Content\"";
				DEVELOPMENT_TEAM = 7PQGLR5J4B;
				ENABLE_PREVIEWS = YES;
				GENERATE_INFOPLIST_FILE = YES;
				INFOPLIST_KEY_NSCameraUsageDescription = "Needed to show AR View";
				INFOPLIST_KEY_UIApplicationSceneManifest_Generation = YES;
				INFOPLIST_KEY_UIApplicationSupportsIndirectInputEvents = YES;
				INFOPLIST_KEY_UILaunchScreen_Generation = YES;
				INFOPLIST_KEY_UISupportedInterfaceOrientations_iPad = "UIInterfaceOrientationPortrait UIInterfaceOrientationPortraitUpsideDown UIInterfaceOrientationLandscapeLeft UIInterfaceOrientationLandscapeRight";
				INFOPLIST_KEY_UISupportedInterfaceOrientations_iPhone = "UIInterfaceOrientationPortrait UIInterfaceOrientationLandscapeLeft UIInterfaceOrientationLandscapeRight";
				LD_RUNPATH_SEARCH_PATHS = (
					"$(inherited)",
					"@executable_path/Frameworks",
				);
				MARKETING_VERSION = 1.0;
				PRODUCT_BUNDLE_IDENTIFIER = com.arjunsrikanth.NavSense;
				PRODUCT_NAME = "$(TARGET_NAME)";
				SWIFT_EMIT_LOC_STRINGS = YES;
				SWIFT_VERSION = 5.0;
				TARGETED_DEVICE_FAMILY = "1,2";
			};
			name = Debug;
		};
		3BE86EF62C63878F002CFE82 /* Release */ = {
			isa = XCBuildConfiguration;
			buildSettings = {
				ASSETCATALOG_COMPILER_APPICON_NAME = AppIcon;
				ASSETCATALOG_COMPILER_GLOBAL_ACCENT_COLOR_NAME = AccentColor;
				CODE_SIGN_STYLE = Automatic;
				CURRENT_PROJECT_VERSION = 1;
				DEVELOPMENT_ASSET_PATHS = "\"NavSense/Preview Content\"";
				DEVELOPMENT_TEAM = 7PQGLR5J4B;
				ENABLE_PREVIEWS = YES;
				GENERATE_INFOPLIST_FILE = YES;
				INFOPLIST_KEY_NSCameraUsageDescription = "Needed to show AR View";
				INFOPLIST_KEY_UIApplicationSceneManifest_Generation = YES;
				INFOPLIST_KEY_UIApplicationSupportsIndirectInputEvents = YES;
				INFOPLIST_KEY_UILaunchScreen_Generation = YES;
				INFOPLIST_KEY_UISupportedInterfaceOrientations_iPad = "UIInterfaceOrientationPortrait UIInterfaceOrientationPortraitUpsideDown UIInterfaceOrientationLandscapeLeft UIInterfaceOrientationLandscapeRight";
				INFOPLIST_KEY_UISupportedInterfaceOrientations_iPhone = "UIInterfaceOrientationPortrait UIInterfaceOrientationLandscapeLeft UIInterfaceOrientationLandscapeRight";
				LD_RUNPATH_SEARCH_PATHS = (
					"$(inherited)",
					"@executable_path/Frameworks",
				);
				MARKETING_VERSION = 1.0;
				PRODUCT_BUNDLE_IDENTIFIER = com.arjunsrikanth.NavSense;
				PRODUCT_NAME = "$(TARGET_NAME)";
				SWIFT_EMIT_LOC_STRINGS = YES;
				SWIFT_VERSION = 5.0;
				TARGETED_DEVICE_FAMILY = "1,2";
			};
			name = Release;
		};
		3BE86EF82C63878F002CFE82 /* Debug */ = {
			isa = XCBuildConfiguration;
			buildSettings = {
				ALWAYS_EMBED_SWIFT_STANDARD_LIBRARIES = YES;
				BUNDLE_LOADER = "$(TEST_HOST)";
				CODE_SIGN_STYLE = Automatic;
				CURRENT_PROJECT_VERSION = 1;
				DEVELOPMENT_TEAM = 7PQGLR5J4B;
				GENERATE_INFOPLIST_FILE = YES;
				IPHONEOS_DEPLOYMENT_TARGET = 17.5;
				MARKETING_VERSION = 1.0;
				PRODUCT_BUNDLE_IDENTIFIER = com.arjunsrikanth.NavSenseTests;
				PRODUCT_NAME = "$(TARGET_NAME)";
				SWIFT_EMIT_LOC_STRINGS = NO;
				SWIFT_VERSION = 5.0;
				TARGETED_DEVICE_FAMILY = "1,2";
				TEST_HOST = "$(BUILT_PRODUCTS_DIR)/NavSense.app/$(BUNDLE_EXECUTABLE_FOLDER_PATH)/NavSense";
			};
			name = Debug;
		};
		3BE86EF92C63878F002CFE82 /* Release */ = {
			isa = XCBuildConfiguration;
			buildSettings = {
				ALWAYS_EMBED_SWIFT_STANDARD_LIBRARIES = YES;
				BUNDLE_LOADER = "$(TEST_HOST)";
				CODE_SIGN_STYLE = Automatic;
				CURRENT_PROJECT_VERSION = 1;
				DEVELOPMENT_TEAM = 7PQGLR5J4B;
				GENERATE_INFOPLIST_FILE = YES;
				IPHONEOS_DEPLOYMENT_TARGET = 17.5;
				MARKETING_VERSION = 1.0;
				PRODUCT_BUNDLE_IDENTIFIER = com.arjunsrikanth.NavSenseTests;
				PRODUCT_NAME = "$(TARGET_NAME)";
				SWIFT_EMIT_LOC_STRINGS = NO;
				SWIFT_VERSION = 5.0;
				TARGETED_DEVICE_FAMILY = "1,2";
				TEST_HOST = "$(BUILT_PRODUCTS_DIR)/NavSense.app/$(BUNDLE_EXECUTABLE_FOLDER_PATH)/NavSense";
			};
			name = Release;
		};
		3BE86EFB2C63878F002CFE82 /* Debug */ = {
			isa = XCBuildConfiguration;
			buildSettings = {
				ALWAYS_EMBED_SWIFT_STANDARD_LIBRARIES = YES;
				CODE_SIGN_STYLE = Automatic;
				CURRENT_PROJECT_VERSION = 1;
				DEVELOPMENT_TEAM = 7PQGLR5J4B;
				GENERATE_INFOPLIST_FILE = YES;
				MARKETING_VERSION = 1.0;
				PRODUCT_BUNDLE_IDENTIFIER = com.arjunsrikanth.NavSenseUITests;
				PRODUCT_NAME = "$(TARGET_NAME)";
				SWIFT_EMIT_LOC_STRINGS = NO;
				SWIFT_VERSION = 5.0;
				TARGETED_DEVICE_FAMILY = "1,2";
				TEST_TARGET_NAME = NavSense;
			};
			name = Debug;
		};
		3BE86EFC2C63878F002CFE82 /* Release */ = {
			isa = XCBuildConfiguration;
			buildSettings = {
				ALWAYS_EMBED_SWIFT_STANDARD_LIBRARIES = YES;
				CODE_SIGN_STYLE = Automatic;
				CURRENT_PROJECT_VERSION = 1;
				DEVELOPMENT_TEAM = 7PQGLR5J4B;
				GENERATE_INFOPLIST_FILE = YES;
				MARKETING_VERSION = 1.0;
				PRODUCT_BUNDLE_IDENTIFIER = com.arjunsrikanth.NavSenseUITests;
				PRODUCT_NAME = "$(TARGET_NAME)";
				SWIFT_EMIT_LOC_STRINGS = NO;
				SWIFT_VERSION = 5.0;
				TARGETED_DEVICE_FAMILY = "1,2";
				TEST_TARGET_NAME = NavSense;
			};
			name = Release;
		};
/* End XCBuildConfiguration section */

/* Begin XCConfigurationList section */
		3BE86ECB2C63878C002CFE82 /* Build configuration list for PBXProject "NavSense" */ = {
			isa = XCConfigurationList;
			buildConfigurations = (
				3BE86EF22C63878F002CFE82 /* Debug */,
				3BE86EF32C63878F002CFE82 /* Release */,
			);
			defaultConfigurationIsVisible = 0;
			defaultConfigurationName = Release;
		};
		3BE86EF42C63878F002CFE82 /* Build configuration list for PBXNativeTarget "NavSense" */ = {
			isa = XCConfigurationList;
			buildConfigurations = (
				3BE86EF52C63878F002CFE82 /* Debug */,
				3BE86EF62C63878F002CFE82 /* Release */,
			);
			defaultConfigurationIsVisible = 0;
			defaultConfigurationName = Release;
		};
		3BE86EF72C63878F002CFE82 /* Build configuration list for PBXNativeTarget "NavSenseTests" */ = {
			isa = XCConfigurationList;
			buildConfigurations = (
				3BE86EF82C63878F002CFE82 /* Debug */,
				3BE86EF92C63878F002CFE82 /* Release */,
			);
			defaultConfigurationIsVisible = 0;
			defaultConfigurationName = Release;
		};
		3BE86EFA2C63878F002CFE82 /* Build configuration list for PBXNativeTarget "NavSenseUITests" */ = {
			isa = XCConfigurationList;
			buildConfigurations = (
				3BE86EFB2C63878F002CFE82 /* Debug */,
				3BE86EFC2C63878F002CFE82 /* Release */,
			);
			defaultConfigurationIsVisible = 0;
			defaultConfigurationName = Release;
		};
/* End XCConfigurationList section */
	};
	rootObject = 3BE86EC82C63878C002CFE82 /* Project object */;
}
